
Microsoft Visual Studio Solution File, Format Version 12.00
# Visual Studio Version 17
VisualStudioVersion = 17.11.35327.3
MinimumVisualStudioVersion = 10.0.40219.1
Project("{FAE04EC0-301F-11D3-BF4B-00C04F79EFBC}") = "AuthenticationToken", "ProfixApiConnectorExamples\AuthenticationToken.csproj", "{A4893407-A6E0-49E4-90DA-AF91A10465CD}"
EndProject
Project("{FAE04EC0-301F-11D3-BF4B-00C04F79EFBC}") = "Password", "Password\Password.csproj", "{9F7FCA46-7A32-443D-A9EF-903B8CB0015F}"
EndProject
Project("{FAE04EC0-301F-11D3-BF4B-00C04F79EFBC}") = "ClientCredentials", "ClientCredentials\ClientCredentials.csproj", "{6CB52C3F-63C6-4294-B695-AAF7EFA353B8}"
EndProject
Project("{FAE04EC0-301F-11D3-BF4B-00C04F79EFBC}") = "SendingWebhooks", "SendingWebhooks\SendingWebhooks.csproj", "{90304093-52FD-4879-A028-7243A31CE52B}"
EndProject
Global
	GlobalSection(SolutionConfigurationPlatforms) = preSolution
		Debug|Any CPU = Debug|Any CPU
		Release|Any CPU = Release|Any CPU
	EndGlobalSection
	GlobalSection(ProjectConfigurationPlatforms) = postSolution
		{A4893407-A6E0-49E4-90DA-AF91A10465CD}.Debug|Any CPU.ActiveCfg = Debug|Any CPU
		{A4893407-A6E0-49E4-90DA-AF91A10465CD}.Debug|Any CPU.Build.0 = Debug|Any CPU
		{A4893407-A6E0-49E4-90DA-AF91A10465CD}.Release|Any CPU.ActiveCfg = Release|Any CPU
		{A4893407-A6E0-49E4-90DA-AF91A10465CD}.Release|Any CPU.Build.0 = Release|Any CPU
		{9F7FCA46-7A32-443D-A9EF-903B8CB0015F}.Debug|Any CPU.ActiveCfg = Debug|Any CPU
		{9F7FCA46-7A32-443D-A9EF-903B8CB0015F}.Debug|Any CPU.Build.0 = Debug|Any CPU
		{9F7FCA46-7A32-443D-A9EF-903B8CB0015F}.Release|Any CPU.ActiveCfg = Release|Any CPU
		{9F7FCA46-7A32-443D-A9EF-903B8CB0015F}.Release|Any CPU.Build.0 = Release|Any CPU
		{6CB52C3F-63C6-4294-B695-AAF7EFA353B8}.Debug|Any CPU.ActiveCfg = Debug|Any CPU
		{6CB52C3F-63C6-4294-B695-AAF7EFA353B8}.Debug|Any CPU.Build.0 = Debug|Any CPU
		{6CB52C3F-63C6-4294-B695-AAF7EFA353B8}.Release|Any CPU.ActiveCfg = Release|Any CPU
		{6CB52C3F-63C6-4294-B695-AAF7EFA353B8}.Release|Any CPU.Build.0 = Release|Any CPU
		{90304093-52FD-4879-A028-7243A31CE52B}.Debug|Any CPU.ActiveCfg = Debug|Any CPU
		{90304093-52FD-4879-A028-7243A31CE52B}.Debug|Any CPU.Build.0 = Debug|Any CPU
		{90304093-52FD-4879-A028-7243A31CE52B}.Release|Any CPU.ActiveCfg = Release|Any CPU
		{90304093-52FD-4879-A028-7243A31CE52B}.Release|Any CPU.Build.0 = Release|Any CPU
	EndGlobalSection
	GlobalSection(SolutionProperties) = preSolution
		HideSolutionNode = FALSE
	EndGlobalSection
	GlobalSection(ExtensibilityGlobals) = postSolution
		SolutionGuid = {79136655-DF9A-4A4F-A8A6-3CFB021DEAC2}
	EndGlobalSection
EndGlobal
